Microsoft Visual Studio Solution File, Format Version 12.00
# Visual Studio Version 17
VisualStudioVersion = 17.0.31903.59
MinimumVisualStudioVersion = 10.0.40219.1
Project("{9A19103F-16F7-4668-BE54-9A1E7A4F7556}") = "BookStore.Api", "BookStore.Api\BookStore.Api.csproj", "{A1B2C3D4-E5F6-7890-ABCD-EF1234567890}"
EndProject
Project("{9A19103F-16F7-4668-BE54-9A1E7A4F7556}") = "BookStore.Application", "BookStore.Application\BookStore.Application.csproj", "{4A1B6C1F-C891-4920-9782-7CE7A112886A}"
EndProject
Project("{9A19103F-16F7-4668-BE54-9A1E7A4F7556}") = "BookStore.Domain", "BookStore.Domain\BookStore.Domain.csproj", "{47680E2B-B666-4D88-A893-2E2DEC878908}"
EndProject
Project("{9A19103F-16F7-4668-BE54-9A1E7A4F7556}") = "BookStore.Infrastructure", "BookStore.Infrastructure\BookStore.Infrastructure.csproj", "{C8FF6B63-AA75-491F-B87F-F081BC6E547F}"
EndProject
Project("{9A19103F-16F7-4668-BE54-9A1E7A4F7556}") = "BookStore.Infrastructure.IoC", "BookStore.Infrastructure.IoC\BookStore.Infrastructure.IoC.csproj", "{554E4F4A-66B1-46F1-AA4B-8570F244A879}"
EndProject
Project("{9A19103F-16F7-4668-BE54-9A1E7A4F7556}") = "BookStore.Test", "BookStore.Test\BookStore.Test.csproj", "{9B972540-99AE-4F99-9BE2-E0A18AE400D8}"
EndProject
Global
	GlobalSection(SolutionConfigurationPlatforms) = preSolution
		Debug|Any CPU = Debug|Any CPU
		Release|Any CPU = Release|Any CPU
	EndGlobalSection
	GlobalSection(ProjectConfigurationPlatforms) = postSolution
		{A1B2C3D4-E5F6-7890-ABCD-EF1234567890}.Debug|Any CPU.ActiveCfg = Debug|Any CPU
		{A1B2C3D4-E5F6-7890-ABCD-EF1234567890}.Debug|Any CPU.Build.0 = Debug|Any CPU
		{A1B2C3D4-E5F6-7890-ABCD-EF1234567890}.Release|Any CPU.ActiveCfg = Release|Any CPU
		{A1B2C3D4-E5F6-7890-ABCD-EF1234567890}.Release|Any CPU.Build.0 = Release|Any CPU
		{4A1B6C1F-C891-4920-9782-7CE7A112886A}.Debug|Any CPU.ActiveCfg = Debug|Any CPU
		{4A1B6C1F-C891-4920-9782-7CE7A112886A}.Debug|Any CPU.Build.0 = Debug|Any CPU
		{4A1B6C1F-C891-4920-9782-7CE7A112886A}.Release|Any CPU.ActiveCfg = Release|Any CPU
		{4A1B6C1F-C891-4920-9782-7CE7A112886A}.Release|Any CPU.Build.0 = Release|Any CPU
		{47680E2B-B666-4D88-A893-2E2DEC878908}.Debug|Any CPU.ActiveCfg = Debug|Any CPU
		{47680E2B-B666-4D88-A893-2E2DEC878908}.Debug|Any CPU.Build.0 = Debug|Any CPU
		{47680E2B-B666-4D88-A893-2E2DEC878908}.Release|Any CPU.ActiveCfg = Release|Any CPU
		{47680E2B-B666-4D88-A893-2E2DEC878908}.Release|Any CPU.Build.0 = Release|Any CPU
		{C8FF6B63-AA75-491F-B87F-F081BC6E547F}.Debug|Any CPU.ActiveCfg = Debug|Any CPU
		{C8FF6B63-AA75-491F-B87F-F081BC6E547F}.Debug|Any CPU.Build.0 = Debug|Any CPU
		{C8FF6B63-AA75-491F-B87F-F081BC6E547F}.Release|Any CPU.ActiveCfg = Release|Any CPU
		{C8FF6B63-AA75-491F-B87F-F081BC6E547F}.Release|Any CPU.Build.0 = Release|Any CPU
		{554E4F4A-66B1-46F1-AA4B-8570F244A879}.Debug|Any CPU.ActiveCfg = Debug|Any CPU
		{554E4F4A-66B1-46F1-AA4B-8570F244A879}.Debug|Any CPU.Build.0 = Debug|Any CPU
		{554E4F4A-66B1-46F1-AA4B-8570F244A879}.Release|Any CPU.ActiveCfg = Release|Any CPU
		{554E4F4A-66B1-46F1-AA4B-8570F244A879}.Release|Any CPU.Build.0 = Release|Any CPU
		{9B972540-99AE-4F99-9BE2-E0A18AE400D8}.Debug|Any CPU.ActiveCfg = Debug|Any CPU
		{9B972540-99AE-4F99-9BE2-E0A18AE400D8}.Debug|Any CPU.Build.0 = Debug|Any CPU
		{9B972540-99AE-4F99-9BE2-E0A18AE400D8}.Release|Any CPU.ActiveCfg = Release|Any CPU
		{9B972540-99AE-4F99-9BE2-E0A18AE400D8}.Release|Any CPU.Build.0 = Release|Any CPU
	EndGlobalSection
	GlobalSection(SolutionProperties) = preSolution
		HideSolutionNode = FALSE
	EndGlobalSection
	GlobalSection(ExtensibilityGlobals) = postSolution
		SolutionGuid = {31FF43B2-02F2-4C63-8C59-50738960AF8F}
	EndGlobalSection
EndGlobal
